
Microsoft Visual Studio Solution File, Format Version 12.00
# Visual Studio Version 16
VisualStudioVersion = 16.0.34031.81
MinimumVisualStudioVersion = 10.0.40219.1
Project("{FAE04EC0-301F-11D3-BF4B-00C04F79EFBC}") = "Csharp_OOP", "Csharp_OOP\Csharp_OOP.csproj", "{CED2CEB1-8090-4183-A149-A25F6842214B}"
EndProject
Global
	GlobalSection(SolutionConfigurationPlatforms) = preSolution
		Debug|Any CPU = Debug|Any CPU
		Release|Any CPU = Release|Any CPU
	EndGlobalSection
	GlobalSection(ProjectConfigurationPlatforms) = postSolution
		{CED2CEB1-8090-4183-A149-A25F6842214B}.Debug|Any CPU.ActiveCfg = Debug|Any CPU
		{CED2CEB1-8090-4183-A149-A25F6842214B}.Debug|Any CPU.Build.0 = Debug|Any CPU
		{CED2CEB1-8090-4183-A149-A25F6842214B}.Release|Any CPU.ActiveCfg = Release|Any CPU
		{CED2CEB1-8090-4183-A149-A25F6842214B}.Release|Any CPU.Build.0 = Release|Any CPU
	EndGlobalSection
	GlobalSection(SolutionProperties) = preSolution
		HideSolutionNode = FALSE
	EndGlobalSection
	GlobalSection(ExtensibilityGlobals) = postSolution
		SolutionGuid = {A9BD3EC1-AE66-46D4-841B-653B83B43B80}
	EndGlobalSection
EndGlobal
