
Microsoft Visual Studio Solution File, Format Version 12.00
# Visual Studio Version 17
VisualStudioVersion = 17.1.32210.238
MinimumVisualStudioVersion = 10.0.40219.1
Project("{FAE04EC0-301F-11D3-BF4B-00C04F79EFBC}") = "Csharp01", "Csharp01\Csharp01.csproj", "{95793627-DBA1-4925-8ED9-40B4EC36B020}"
EndProject
Global
	GlobalSection(SolutionConfigurationPlatforms) = preSolution
		Debug|Any CPU = Debug|Any CPU
		Release|Any CPU = Release|Any CPU
	EndGlobalSection
	GlobalSection(ProjectConfigurationPlatforms) = postSolution
		{95793627-DBA1-4925-8ED9-40B4EC36B020}.Debug|Any CPU.ActiveCfg = Debug|Any CPU
		{95793627-DBA1-4925-8ED9-40B4EC36B020}.Debug|Any CPU.Build.0 = Debug|Any CPU
		{95793627-DBA1-4925-8ED9-40B4EC36B020}.Release|Any CPU.ActiveCfg = Release|Any CPU
		{95793627-DBA1-4925-8ED9-40B4EC36B020}.Release|Any CPU.Build.0 = Release|Any CPU
	EndGlobalSection
	GlobalSection(SolutionProperties) = preSolution
		HideSolutionNode = FALSE
	EndGlobalSection
	GlobalSection(ExtensibilityGlobals) = postSolution
		SolutionGuid = {216C2CD8-1222-425C-AAF6-C3C1331FA8E0}
	EndGlobalSection
EndGlobal
