
Microsoft Visual Studio Solution File, Format Version 12.00
# Visual Studio Version 17
VisualStudioVersion = 17.2.32616.157
MinimumVisualStudioVersion = 10.0.40219.1
Project("{9A19103F-16F7-4668-BE54-9A1E7A4F7556}") = "BaitapAptech", "BaitapAptech\BaitapAptech.csproj", "{D241362B-910D-4BF6-9B72-149007388DCE}"
EndProject
Global
	GlobalSection(SolutionConfigurationPlatforms) = preSolution
		Debug|Any CPU = Debug|Any CPU
		Release|Any CPU = Release|Any CPU
	EndGlobalSection
	GlobalSection(ProjectConfigurationPlatforms) = postSolution
		{D241362B-910D-4BF6-9B72-149007388DCE}.Debug|Any CPU.ActiveCfg = Debug|Any CPU
		{D241362B-910D-4BF6-9B72-149007388DCE}.Debug|Any CPU.Build.0 = Debug|Any CPU
		{D241362B-910D-4BF6-9B72-149007388DCE}.Release|Any CPU.ActiveCfg = Release|Any CPU
		{D241362B-910D-4BF6-9B72-149007388DCE}.Release|Any CPU.Build.0 = Release|Any CPU
	EndGlobalSection
	GlobalSection(SolutionProperties) = preSolution
		HideSolutionNode = FALSE
	EndGlobalSection
	GlobalSection(ExtensibilityGlobals) = postSolution
		SolutionGuid = {F918C4A1-4A26-47C6-8095-CAF13B80DF4A}
	EndGlobalSection
EndGlobal
